// !$*UTF8*$!
{
	archiveVersion = 1;
	classes = {
	};
	objectVersion = 50;
	objects = {

/* Begin PBXBuildFile section */
		BE03BF3226BDE3E100D43A6F /* CodeTextView.swift in Sources */ = {isa = PBXBuildFile; fileRef = BE03BF3126BDE3E100D43A6F /* CodeTextView.swift */; };
		BE03BF3426BF8ACF00D43A6F /* RectangleCardView.swift in Sources */ = {isa = PBXBuildFile; fileRef = BE03BF3326BF8ACF00D43A6F /* RectangleCardView.swift */; };
		BE6289AF26B8FAA10010D81F /* HomeViewRow.swift in Sources */ = {isa = PBXBuildFile; fileRef = BE6289AE26B8FAA10010D81F /* HomeViewRow.swift */; };
		BE6289B126B9E2950010D81F /* ContentView.swift in Sources */ = {isa = PBXBuildFile; fileRef = BE6289B026B9E2950010D81F /* ContentView.swift */; };
		BE6289B326B9FC1A0010D81F /* ContentViewRow.swift in Sources */ = {isa = PBXBuildFile; fileRef = BE6289B226B9FC1A0010D81F /* ContentViewRow.swift */; };
		BE6289B526BA2A8C0010D81F /* ContentDetailView.swift in Sources */ = {isa = PBXBuildFile; fileRef = BE6289B426BA2A8C0010D81F /* ContentDetailView.swift */; };
		BE6289B826BB4F070010D81F /* AVKit.framework in Frameworks */ = {isa = PBXBuildFile; fileRef = BE6289B726BB4F070010D81F /* AVKit.framework */; };
		BEAB627326B7652300659984 /* LearningApp.swift in Sources */ = {isa = PBXBuildFile; fileRef = BEAB627226B7652300659984 /* LearningApp.swift */; };
		BEAB627526B7652300659984 /* HomeView.swift in Sources */ = {isa = PBXBuildFile; fileRef = BEAB627426B7652300659984 /* HomeView.swift */; };
		BEAB627726B7652500659984 /* Assets.xcassets in Resources */ = {isa = PBXBuildFile; fileRef = BEAB627626B7652500659984 /* Assets.xcassets */; };
		BEAB627A26B7652500659984 /* Preview Assets.xcassets in Resources */ = {isa = PBXBuildFile; fileRef = BEAB627926B7652500659984 /* Preview Assets.xcassets */; };
		BEAB628726B76BA700659984 /* data.json in Resources */ = {isa = PBXBuildFile; fileRef = BEAB628526B76BA700659984 /* data.json */; };
		BEAB628826B76BA700659984 /* style.html in Resources */ = {isa = PBXBuildFile; fileRef = BEAB628626B76BA700659984 /* style.html */; };
		BEAB628A26B76C4200659984 /* ViewModel.swift in Sources */ = {isa = PBXBuildFile; fileRef = BEAB628926B76C4200659984 /* ViewModel.swift */; };
		BEAB628C26B76ED100659984 /* Models.swift in Sources */ = {isa = PBXBuildFile; fileRef = BEAB628B26B76ED100659984 /* Models.swift */; };
		BEAB628E26B786A600659984 /* DataServices.swift in Sources */ = {isa = PBXBuildFile; fileRef = BEAB628D26B786A600659984 /* DataServices.swift */; };
/* End PBXBuildFile section */

/* Begin PBXFileReference section */
		BE03BF3126BDE3E100D43A6F /* CodeTextView.swift */ = {isa = PBXFileReference; lastKnownFileType = sourcecode.swift; path = CodeTextView.swift; sourceTree = "<group>"; };
		BE03BF3326BF8ACF00D43A6F /* RectangleCardView.swift */ = {isa = PBXFileReference; lastKnownFileType = sourcecode.swift; path = RectangleCardView.swift; sourceTree = "<group>"; };
		BE6289AE26B8FAA10010D81F /* HomeViewRow.swift */ = {isa = PBXFileReference; lastKnownFileType = sourcecode.swift; path = HomeViewRow.swift; sourceTree = "<group>"; };
		BE6289B026B9E2950010D81F /* ContentView.swift */ = {isa = PBXFileReference; lastKnownFileType = sourcecode.swift; path = ContentView.swift; sourceTree = "<group>"; };
		BE6289B226B9FC1A0010D81F /* ContentViewRow.swift */ = {isa = PBXFileReference; lastKnownFileType = sourcecode.swift; path = ContentViewRow.swift; sourceTree = "<group>"; };
		BE6289B426BA2A8C0010D81F /* ContentDetailView.swift */ = {isa = PBXFileReference; lastKnownFileType = sourcecode.swift; path = ContentDetailView.swift; sourceTree = "<group>"; };
		BE6289B726BB4F070010D81F /* AVKit.framework */ = {isa = PBXFileReference; lastKnownFileType = wrapper.framework; name = AVKit.framework; path = System/Library/Frameworks/AVKit.framework; sourceTree = SDKROOT; };
		BEAB626F26B7652300659984 /* LearningApp.app */ = {isa = PBXFileReference; explicitFileType = wrapper.application; includeInIndex = 0; path = LearningApp.app; sourceTree = BUILT_PRODUCTS_DIR; };
		BEAB627226B7652300659984 /* LearningApp.swift */ = {isa = PBXFileReference; lastKnownFileType = sourcecode.swift; path = LearningApp.swift; sourceTree = "<group>"; };
		BEAB627426B7652300659984 /* HomeView.swift */ = {isa = PBXFileReference; lastKnownFileType = sourcecode.swift; path = HomeView.swift; sourceTree = "<group>"; };
		BEAB627626B7652500659984 /* Assets.xcassets */ = {isa = PBXFileReference; lastKnownFileType = folder.assetcatalog; path = Assets.xcassets; sourceTree = "<group>"; };
		BEAB627926B7652500659984 /* Preview Assets.xcassets */ = {isa = PBXFileReference; lastKnownFileType = folder.assetcatalog; path = "Preview Assets.xcassets"; sourceTree = "<group>"; };
		BEAB627B26B7652500659984 /* Info.plist */ = {isa = PBXFileReference; lastKnownFileType = text.plist.xml; path = Info.plist; sourceTree = "<group>"; };
		BEAB628526B76BA700659984 /* data.json */ = {isa = PBXFileReference; fileEncoding = 4; lastKnownFileType = text.json; path = data.json; sourceTree = "<group>"; };
		BEAB628626B76BA700659984 /* style.html */ = {isa = PBXFileReference; fileEncoding = 4; lastKnownFileType = text.html; path = style.html; sourceTree = "<group>"; };
		BEAB628926B76C4200659984 /* ViewModel.swift */ = {isa = PBXFileReference; lastKnownFileType = sourcecode.swift; path = ViewModel.swift; sourceTree = "<group>"; };
		BEAB628B26B76ED100659984 /* Models.swift */ = {isa = PBXFileReference; lastKnownFileType = sourcecode.swift; path = Models.swift; sourceTree = "<group>"; };
		BEAB628D26B786A600659984 /* DataServices.swift */ = {isa = PBXFileReference; lastKnownFileType = sourcecode.swift; path = DataServices.swift; sourceTree = "<group>"; };
/* End PBXFileReference section */

/* Begin PBXFrameworksBuildPhase section */
		BEAB626C26B7652300659984 /* Frameworks */ = {
			isa = PBXFrameworksBuildPhase;
			buildActionMask = 2147483647;
			files = (
				BE6289B826BB4F070010D81F /* AVKit.framework in Frameworks */,
			);
			runOnlyForDeploymentPostprocessing = 0;
		};
/* End PBXFrameworksBuildPhase section */

/* Begin PBXGroup section */
		BE6289B626BB4F070010D81F /* Frameworks */ = {
			isa = PBXGroup;
			children = (
				BE6289B726BB4F070010D81F /* AVKit.framework */,
			);
			name = Frameworks;
			sourceTree = "<group>";
		};
		BEAB626626B7652300659984 = {
			isa = PBXGroup;
			children = (
				BEAB627126B7652300659984 /* LearningApp */,
				BEAB627026B7652300659984 /* Products */,
				BE6289B626BB4F070010D81F /* Frameworks */,
			);
			sourceTree = "<group>";
		};
		BEAB627026B7652300659984 /* Products */ = {
			isa = PBXGroup;
			children = (
				BEAB626F26B7652300659984 /* LearningApp.app */,
			);
			name = Products;
			sourceTree = "<group>";
		};
		BEAB627126B7652300659984 /* LearningApp */ = {
			isa = PBXGroup;
			children = (
				BEAB627226B7652300659984 /* LearningApp.swift */,
				BEAB628326B76ADA00659984 /* Views */,
				BEAB628226B76AC100659984 /* ViewModels */,
				BEAB628126B76ABA00659984 /* Models */,
				BEAB628426B76AEE00659984 /* Resources */,
				BEAB627626B7652500659984 /* Assets.xcassets */,
				BEAB627B26B7652500659984 /* Info.plist */,
				BEAB627826B7652500659984 /* Preview Content */,
			);
			path = LearningApp;
			sourceTree = "<group>";
		};
		BEAB627826B7652500659984 /* Preview Content */ = {
			isa = PBXGroup;
			children = (
				BEAB627926B7652500659984 /* Preview Assets.xcassets */,
			);
			path = "Preview Content";
			sourceTree = "<group>";
		};
		BEAB628126B76ABA00659984 /* Models */ = {
			isa = PBXGroup;
			children = (
				BEAB628B26B76ED100659984 /* Models.swift */,
			);
			path = Models;
			sourceTree = "<group>";
		};
		BEAB628226B76AC100659984 /* ViewModels */ = {
			isa = PBXGroup;
			children = (
				BEAB628926B76C4200659984 /* ViewModel.swift */,
			);
			path = ViewModels;
			sourceTree = "<group>";
		};
		BEAB628326B76ADA00659984 /* Views */ = {
			isa = PBXGroup;
			children = (
				BEAB627426B7652300659984 /* HomeView.swift */,
				BE6289AE26B8FAA10010D81F /* HomeViewRow.swift */,
				BE6289B026B9E2950010D81F /* ContentView.swift */,
				BE6289B226B9FC1A0010D81F /* ContentViewRow.swift */,
				BE6289B426BA2A8C0010D81F /* ContentDetailView.swift */,
				BE03BF3126BDE3E100D43A6F /* CodeTextView.swift */,
				BE03BF3326BF8ACF00D43A6F /* RectangleCardView.swift */,
			);
			path = Views;
			sourceTree = "<group>";
		};
		BEAB628426B76AEE00659984 /* Resources */ = {
			isa = PBXGroup;
			children = (
				BEAB628526B76BA700659984 /* data.json */,
				BEAB628626B76BA700659984 /* style.html */,
				BEAB628D26B786A600659984 /* DataServices.swift */,
			);
			path = Resources;
			sourceTree = "<group>";
		};
/* End PBXGroup section */

/* Begin PBXNativeTarget section */
		BEAB626E26B7652300659984 /* LearningApp */ = {
			isa = PBXNativeTarget;
			buildConfigurationList = BEAB627E26B7652500659984 /* Build configuration list for PBXNativeTarget "LearningApp" */;
			buildPhases = (
				BEAB626B26B7652300659984 /* Sources */,
				BEAB626C26B7652300659984 /* Frameworks */,
				BEAB626D26B7652300659984 /* Resources */,
			);
			buildRules = (
			);
			dependencies = (
			);
			name = LearningApp;
			productName = LearningApp;
			productReference = BEAB626F26B7652300659984 /* LearningApp.app */;
			productType = "com.apple.product-type.application";
		};
/* End PBXNativeTarget section */

/* Begin PBXProject section */
		BEAB626726B7652300659984 /* Project object */ = {
			isa = PBXProject;
			attributes = {
				LastSwiftUpdateCheck = 1250;
				LastUpgradeCheck = 1250;
				TargetAttributes = {
					BEAB626E26B7652300659984 = {
						CreatedOnToolsVersion = 12.5.1;
					};
				};
			};
			buildConfigurationList = BEAB626A26B7652300659984 /* Build configuration list for PBXProject "LearningApp" */;
			compatibilityVersion = "Xcode 9.3";
			developmentRegion = en;
			hasScannedForEncodings = 0;
			knownRegions = (
				en,
				Base,
			);
			mainGroup = BEAB626626B7652300659984;
			productRefGroup = BEAB627026B7652300659984 /* Products */;
			projectDirPath = "";
			projectRoot = "";
			targets = (
				BEAB626E26B7652300659984 /* LearningApp */,
			);
		};
/* End PBXProject section */

/* Begin PBXResourcesBuildPhase section */
		BEAB626D26B7652300659984 /* Resources */ = {
			isa = PBXResourcesBuildPhase;
			buildActionMask = 2147483647;
			files = (
				BEAB627A26B7652500659984 /* Preview Assets.xcassets in Resources */,
				BEAB628726B76BA700659984 /* data.json in Resources */,
				BEAB628826B76BA700659984 /* style.html in Resources */,
				BEAB627726B7652500659984 /* Assets.xcassets in Resources */,
			);
			runOnlyForDeploymentPostprocessing = 0;
		};
/* End PBXResourcesBuildPhase section */

/* Begin PBXSourcesBuildPhase section */
		BEAB626B26B7652300659984 /* Sources */ = {
			isa = PBXSourcesBuildPhase;
			buildActionMask = 2147483647;
			files = (
				BE03BF3426BF8ACF00D43A6F /* RectangleCardView.swift in Sources */,
				BEAB628E26B786A600659984 /* DataServices.swift in Sources */,
				BEAB627526B7652300659984 /* HomeView.swift in Sources */,
				BE6289B126B9E2950010D81F /* ContentView.swift in Sources */,
				BEAB628A26B76C4200659984 /* ViewModel.swift in Sources */,
				BE6289B526BA2A8C0010D81F /* ContentDetailView.swift in Sources */,
				BEAB627326B7652300659984 /* LearningApp.swift in Sources */,
				BE03BF3226BDE3E100D43A6F /* CodeTextView.swift in Sources */,
				BE6289B326B9FC1A0010D81F /* ContentViewRow.swift in Sources */,
				BE6289AF26B8FAA10010D81F /* HomeViewRow.swift in Sources */,
				BEAB628C26B76ED100659984 /* Models.swift in Sources */,
			);
			runOnlyForDeploymentPostprocessing = 0;
		};
/* End PBXSourcesBuildPhase section */

/* Begin XCBuildConfiguration section */
		BEAB627C26B7652500659984 /* Debug */ = {
			isa = XCBuildConfiguration;
			buildSettings = {
				ALWAYS_SEARCH_USER_PATHS = NO;
				CLANG_ANALYZER_NONNULL = YES;
				CLANG_ANALYZER_NUMBER_OBJECT_CONVERSION = YES_AGGRESSIVE;
				CLANG_CXX_LANGUAGE_STANDARD = "gnu++14";
				CLANG_CXX_LIBRARY = "libc++";
				CLANG_ENABLE_MODULES = YES;
				CLANG_ENABLE_OBJC_ARC = YES;
				CLANG_ENABLE_OBJC_WEAK = YES;
				CLANG_WARN_BLOCK_CAPTURE_AUTORELEASING = YES;
				CLANG_WARN_BOOL_CONVERSION = YES;
				CLANG_WARN_COMMA = YES;
				CLANG_WARN_CONSTANT_CONVERSION = YES;
				CLANG_WARN_DEPRECATED_OBJC_IMPLEMENTATIONS = YES;
				CLANG_WARN_DIRECT_OBJC_ISA_USAGE = YES_ERROR;
				CLANG_WARN_DOCUMENTATION_COMMENTS = YES;
				CLANG_WARN_EMPTY_BODY = YES;
				CLANG_WARN_ENUM_CONVERSION = YES;
				CLANG_WARN_INFINITE_RECURSION = YES;
				CLANG_WARN_INT_CONVERSION = YES;
				CLANG_WARN_NON_LITERAL_NULL_CONVERSION = YES;
				CLANG_WARN_OBJC_IMPLICIT_RETAIN_SELF = YES;
				CLANG_WARN_OBJC_LITERAL_CONVERSION = YES;
				CLANG_WARN_OBJC_ROOT_CLASS = YES_ERROR;
				CLANG_WARN_QUOTED_INCLUDE_IN_FRAMEWORK_HEADER = YES;
				CLANG_WARN_RANGE_LOOP_ANALYSIS = YES;
				CLANG_WARN_STRICT_PROTOTYPES = YES;
				CLANG_WARN_SUSPICIOUS_MOVE = YES;
				CLANG_WARN_UNGUARDED_AVAILABILITY = YES_AGGRESSIVE;
				CLANG_WARN_UNREACHABLE_CODE = YES;
				CLANG_WARN__DUPLICATE_METHOD_MATCH = YES;
				COPY_PHASE_STRIP = NO;
				DEBUG_INFORMATION_FORMAT = dwarf;
				ENABLE_STRICT_OBJC_MSGSEND = YES;
				ENABLE_TESTABILITY = YES;
				GCC_C_LANGUAGE_STANDARD = gnu11;
				GCC_DYNAMIC_NO_PIC = NO;
				GCC_NO_COMMON_BLOCKS = YES;
				GCC_OPTIMIZATION_LEVEL = 0;
				GCC_PREPROCESSOR_DEFINITIONS = (
					"DEBUG=1",
					"$(inherited)",
				);
				GCC_WARN_64_TO_32_BIT_CONVERSION = YES;
				GCC_WARN_ABOUT_RETURN_TYPE = YES_ERROR;
				GCC_WARN_UNDECLARED_SELECTOR = YES;
				GCC_WARN_UNINITIALIZED_AUTOS = YES_AGGRESSIVE;
				GCC_WARN_UNUSED_FUNCTION = YES;
				GCC_WARN_UNUSED_VARIABLE = YES;
				IPHONEOS_DEPLOYMENT_TARGET = 14.5;
				MTL_ENABLE_DEBUG_INFO = INCLUDE_SOURCE;
				MTL_FAST_MATH = YES;
				ONLY_ACTIVE_ARCH = YES;
				SDKROOT = iphoneos;
				SWIFT_ACTIVE_COMPILATION_CONDITIONS = DEBUG;
				SWIFT_OPTIMIZATION_LEVEL = "-Onone";
			};
			name = Debug;
		};
		BEAB627D26B7652500659984 /* Release */ = {
			isa = XCBuildConfiguration;
			buildSettings = {
				ALWAYS_SEARCH_USER_PATHS = NO;
				CLANG_ANALYZER_NONNULL = YES;
				CLANG_ANALYZER_NUMBER_OBJECT_CONVERSION = YES_AGGRESSIVE;
				CLANG_CXX_LANGUAGE_STANDARD = "gnu++14";
				CLANG_CXX_LIBRARY = "libc++";
				CLANG_ENABLE_MODULES = YES;
				CLANG_ENABLE_OBJC_ARC = YES;
				CLANG_ENABLE_OBJC_WEAK = YES;
				CLANG_WARN_BLOCK_CAPTURE_AUTORELEASING = YES;
				CLANG_WARN_BOOL_CONVERSION = YES;
				CLANG_WARN_COMMA = YES;
				CLANG_WARN_CONSTANT_CONVERSION = YES;
				CLANG_WARN_DEPRECATED_OBJC_IMPLEMENTATIONS = YES;
				CLANG_WARN_DIRECT_OBJC_ISA_USAGE = YES_ERROR;
				CLANG_WARN_DOCUMENTATION_COMMENTS = YES;
				CLANG_WARN_EMPTY_BODY = YES;
				CLANG_WARN_ENUM_CONVERSION = YES;
				CLANG_WARN_INFINITE_RECURSION = YES;
				CLANG_WARN_INT_CONVERSION = YES;
				CLANG_WARN_NON_LITERAL_NULL_CONVERSION = YES;
				CLANG_WARN_OBJC_IMPLICIT_RETAIN_SELF = YES;
				CLANG_WARN_OBJC_LITERAL_CONVERSION = YES;
				CLANG_WARN_OBJC_ROOT_CLASS = YES_ERROR;
				CLANG_WARN_QUOTED_INCLUDE_IN_FRAMEWORK_HEADER = YES;
				CLANG_WARN_RANGE_LOOP_ANALYSIS = YES;
				CLANG_WARN_STRICT_PROTOTYPES = YES;
				CLANG_WARN_SUSPICIOUS_MOVE = YES;
				CLANG_WARN_UNGUARDED_AVAILABILITY = YES_AGGRESSIVE;
				CLANG_WARN_UNREACHABLE_CODE = YES;
				CLANG_WARN__DUPLICATE_METHOD_MATCH = YES;
				COPY_PHASE_STRIP = NO;
				DEBUG_INFORMATION_FORMAT = "dwarf-with-dsym";
				ENABLE_NS_ASSERTIONS = NO;
				ENABLE_STRICT_OBJC_MSGSEND = YES;
				GCC_C_LANGUAGE_STANDARD = gnu11;
				GCC_NO_COMMON_BLOCKS = YES;
				GCC_WARN_64_TO_32_BIT_CONVERSION = YES;
				GCC_WARN_ABOUT_RETURN_TYPE = YES_ERROR;
				GCC_WARN_UNDECLARED_SELECTOR = YES;
				GCC_WARN_UNINITIALIZED_AUTOS = YES_AGGRESSIVE;
				GCC_WARN_UNUSED_FUNCTION = YES;
				GCC_WARN_UNUSED_VARIABLE = YES;
				IPHONEOS_DEPLOYMENT_TARGET = 14.5;
				MTL_ENABLE_DEBUG_INFO = NO;
				MTL_FAST_MATH = YES;
				SDKROOT = iphoneos;
				SWIFT_COMPILATION_MODE = wholemodule;
				SWIFT_OPTIMIZATION_LEVEL = "-O";
				VALIDATE_PRODUCT = YES;
			};
			name = Release;
		};
		BEAB627F26B7652500659984 /* Debug */ = {
			isa = XCBuildConfiguration;
			buildSettings = {
				ASSETCATALOG_COMPILER_APPICON_NAME = AppIcon;
				ASSETCATALOG_COMPILER_GLOBAL_ACCENT_COLOR_NAME = AccentColor;
				CODE_SIGN_STYLE = Automatic;
				DEVELOPMENT_ASSET_PATHS = "\"LearningApp/Preview Content\"";
				DEVELOPMENT_TEAM = H6633352DX;
				ENABLE_PREVIEWS = YES;
				INFOPLIST_FILE = LearningApp/Info.plist;
				IPHONEOS_DEPLOYMENT_TARGET = 14.0;
				LD_RUNPATH_SEARCH_PATHS = (
					"$(inherited)",
					"@executable_path/Frameworks",
				);
				PRODUCT_BUNDLE_IDENTIFIER = briankissler.LearningApp;
				PRODUCT_NAME = "$(TARGET_NAME)";
				SWIFT_VERSION = 5.0;
				TARGETED_DEVICE_FAMILY = "1,2";
			};
			name = Debug;
		};
		BEAB628026B7652500659984 /* Release */ = {
			isa = XCBuildConfiguration;
			buildSettings = {
				ASSETCATALOG_COMPILER_APPICON_NAME = AppIcon;
				ASSETCATALOG_COMPILER_GLOBAL_ACCENT_COLOR_NAME = AccentColor;
				CODE_SIGN_STYLE = Automatic;
				DEVELOPMENT_ASSET_PATHS = "\"LearningApp/Preview Content\"";
				DEVELOPMENT_TEAM = H6633352DX;
				ENABLE_PREVIEWS = YES;
				INFOPLIST_FILE = LearningApp/Info.plist;
				IPHONEOS_DEPLOYMENT_TARGET = 14.0;
				LD_RUNPATH_SEARCH_PATHS = (
					"$(inherited)",
					"@executable_path/Frameworks",
				);
				PRODUCT_BUNDLE_IDENTIFIER = briankissler.LearningApp;
				PRODUCT_NAME = "$(TARGET_NAME)";
				SWIFT_VERSION = 5.0;
				TARGETED_DEVICE_FAMILY = "1,2";
			};
			name = Release;
		};
/* End XCBuildConfiguration section */

/* Begin XCConfigurationList section */
		BEAB626A26B7652300659984 /* Build configuration list for PBXProject "LearningApp" */ = {
			isa = XCConfigurationList;
			buildConfigurations = (
				BEAB627C26B7652500659984 /* Debug */,
				BEAB627D26B7652500659984 /* Release */,
			);
			defaultConfigurationIsVisible = 0;
			defaultConfigurationName = Release;
		};
		BEAB627E26B7652500659984 /* Build configuration list for PBXNativeTarget "LearningApp" */ = {
			isa = XCConfigurationList;
			buildConfigurations = (
				BEAB627F26B7652500659984 /* Debug */,
				BEAB628026B7652500659984 /* Release */,
			);
			defaultConfigurationIsVisible = 0;
			defaultConfigurationName = Release;
		};
/* End XCConfigurationList section */
	};
	rootObject = BEAB626726B7652300659984 /* Project object */;
}
